
Microsoft Visual Studio Solution File, Format Version 12.00
# Visual Studio Version 17
VisualStudioVersion = 17.0.31903.59
MinimumVisualStudioVersion = 10.0.40219.1
Project("{2150E333-8FDC-42A3-9474-1A3956D46DE8}") = "src", "src", "{DA27F658-C0FD-4CDE-B71E-813289905931}"
EndProject
Project("{2150E333-8FDC-42A3-9474-1A3956D46DE8}") = "Common", "Common", "{2A63CF87-F15C-4818-B1D0-0FAC799F3C40}"
EndProject
Project("{FAE04EC0-301F-11D3-BF4B-00C04F79EFBC}") = "Common.Common", "src\Common.Common\Common.Common.csproj", "{55E0498D-A2F5-4413-9D00-77FE64393BB8}"
EndProject
Project("{2150E333-8FDC-42A3-9474-1A3956D46DE8}") = "AuthService", "AuthService", "{49EF34B3-A27E-4DAE-A47F-578376E9ACD5}"
EndProject
Project("{FAE04EC0-301F-11D3-BF4B-00C04F79EFBC}") = "AuthService.API", "src\AuthService\AuthService.API\AuthService.API.csproj", "{E34D53DC-6FA7-4AB2-94BA-93FFCBA3E7B4}"
EndProject
Project("{FAE04EC0-301F-11D3-BF4B-00C04F79EFBC}") = "AuthService.Application", "src\AuthService\AuthService.Application\AuthService.Application.csproj", "{171AA7F0-0321-4ADE-9110-2D42E838044D}"
EndProject
Project("{FAE04EC0-301F-11D3-BF4B-00C04F79EFBC}") = "AuthService.Domain", "src\AuthService\AuthService.Domain\AuthService.Domain.csproj", "{24AB7328-87CC-45A5-8D46-F73FAB80B27B}"
EndProject
Project("{FAE04EC0-301F-11D3-BF4B-00C04F79EFBC}") = "AuthService.Infrastructure", "src\AuthService\AuthService.Infrastructure\AuthService.Infrastructure.csproj", "{A48FAADD-0CEF-4287-8D23-83CFDD59ADB3}"
EndProject
Project("{2150E333-8FDC-42A3-9474-1A3956D46DE8}") = "TaskService", "TaskService", "{F5E0E19A-39F0-448A-AD49-954B9DD1B74E}"
EndProject
Project("{FAE04EC0-301F-11D3-BF4B-00C04F79EFBC}") = "TaskService.API", "src\TaskService\TaskService.API\TaskService.API.csproj", "{328DC3F9-A9D3-4A6F-96E4-20021CE70610}"
EndProject
Project("{FAE04EC0-301F-11D3-BF4B-00C04F79EFBC}") = "TaskService.Application", "src\TaskService\TaskService.Application\TaskService.Application.csproj", "{DB11EEB8-7E5C-4EB3-A4FF-8FAC0E266B32}"
EndProject
Project("{FAE04EC0-301F-11D3-BF4B-00C04F79EFBC}") = "TaskService.Domain", "src\TaskService\TaskService.Domain\TaskService.Domain.csproj", "{BDCC0C80-B8E8-4537-B947-B02B03D8454C}"
EndProject
Project("{FAE04EC0-301F-11D3-BF4B-00C04F79EFBC}") = "TaskService.Infrastructure", "src\TaskService\TaskService.Infrastructure\TaskService.Infrastructure.csproj", "{BE1F0774-76DA-496E-A883-27F273E1BD30}"
EndProject
Project("{2150E333-8FDC-42A3-9474-1A3956D46DE8}") = "NotificationService", "NotificationService", "{DB9AE34C-70C4-4775-8299-A36EAD111915}"
EndProject
Project("{FAE04EC0-301F-11D3-BF4B-00C04F79EFBC}") = "NotificationService.API", "src\NotificationService\NotificationService.API\NotificationService.API.csproj", "{2AE4CEAE-4015-441C-8CB4-FECE191102A3}"
EndProject
Project("{FAE04EC0-301F-11D3-BF4B-00C04F79EFBC}") = "NotificationService.Application", "src\NotificationService\NotificationService.Application\NotificationService.Application.csproj", "{5A7AF29B-82E9-4C63-84A4-9FE9058B10C8}"
EndProject
Project("{FAE04EC0-301F-11D3-BF4B-00C04F79EFBC}") = "NotificationService.Domain", "src\NotificationService\NotificationService.Domain\NotificationService.Domain.csproj", "{456616D2-B344-45A9-B9AC-0DAA0FB85172}"
EndProject
Project("{FAE04EC0-301F-11D3-BF4B-00C04F79EFBC}") = "NotificationService.Infrastructure", "src\NotificationService\NotificationService.Infrastructure\NotificationService.Infrastructure.csproj", "{4CCC13CD-0E4A-483E-B493-75E36EBFB903}"
EndProject
Project("{FAE04EC0-301F-11D3-BF4B-00C04F79EFBC}") = "ApiGateway.API", "src\ApiGateway.API\ApiGateway.API.csproj", "{6A9695A4-C3FE-41CE-B5C5-85EE723A2652}"
EndProject
Project("{2150E333-8FDC-42A3-9474-1A3956D46DE8}") = "tests", "tests", "{8BA80550-91DB-4F78-83EB-BBBB0F763804}"
EndProject
Project("{FAE04EC0-301F-11D3-BF4B-00C04F79EFBC}") = "AuthService.Tests", "tests\AuthService.Tests\AuthService.Tests.csproj", "{111BB95C-0077-4D60-A59E-9998AE33CEFC}"
EndProject
Project("{FAE04EC0-301F-11D3-BF4B-00C04F79EFBC}") = "TaskService.Tests", "tests\TaskService.Tests\TaskService.Tests.csproj", "{758A7D27-D3DA-4521-90FC-1A2ED1463448}"
EndProject
Project("{FAE04EC0-301F-11D3-BF4B-00C04F79EFBC}") = "NotificationService.Tests", "tests\NotificationService.Tests\NotificationService.Tests.csproj", "{58F34AA2-42CC-49C6-8080-B48120FE9278}"
EndProject
Project("{FAE04EC0-301F-11D3-BF4B-00C04F79EFBC}") = "Integration.Tests", "tests\Integration.Tests\Integration.Tests.csproj", "{957705A3-5FE1-4DC1-835B-5D5E165EA9E9}"
EndProject
Global
	GlobalSection(SolutionConfigurationPlatforms) = preSolution
		Debug|Any CPU = Debug|Any CPU
		Release|Any CPU = Release|Any CPU
	EndGlobalSection
	GlobalSection(SolutionProperties) = preSolution
		HideSolutionNode = FALSE
	EndGlobalSection
	GlobalSection(ProjectConfigurationPlatforms) = postSolution
		{55E0498D-A2F5-4413-9D00-77FE64393BB8}.Debug|Any CPU.ActiveCfg = Debug|Any CPU
		{55E0498D-A2F5-4413-9D00-77FE64393BB8}.Debug|Any CPU.Build.0 = Debug|Any CPU
		{55E0498D-A2F5-4413-9D00-77FE64393BB8}.Release|Any CPU.ActiveCfg = Release|Any CPU
		{55E0498D-A2F5-4413-9D00-77FE64393BB8}.Release|Any CPU.Build.0 = Release|Any CPU
		{E34D53DC-6FA7-4AB2-94BA-93FFCBA3E7B4}.Debug|Any CPU.ActiveCfg = Debug|Any CPU
		{E34D53DC-6FA7-4AB2-94BA-93FFCBA3E7B4}.Debug|Any CPU.Build.0 = Debug|Any CPU
		{E34D53DC-6FA7-4AB2-94BA-93FFCBA3E7B4}.Release|Any CPU.ActiveCfg = Release|Any CPU
		{E34D53DC-6FA7-4AB2-94BA-93FFCBA3E7B4}.Release|Any CPU.Build.0 = Release|Any CPU
		{171AA7F0-0321-4ADE-9110-2D42E838044D}.Debug|Any CPU.ActiveCfg = Debug|Any CPU
		{171AA7F0-0321-4ADE-9110-2D42E838044D}.Debug|Any CPU.Build.0 = Debug|Any CPU
		{171AA7F0-0321-4ADE-9110-2D42E838044D}.Release|Any CPU.ActiveCfg = Release|Any CPU
		{171AA7F0-0321-4ADE-9110-2D42E838044D}.Release|Any CPU.Build.0 = Release|Any CPU
		{24AB7328-87CC-45A5-8D46-F73FAB80B27B}.Debug|Any CPU.ActiveCfg = Debug|Any CPU
		{24AB7328-87CC-45A5-8D46-F73FAB80B27B}.Debug|Any CPU.Build.0 = Debug|Any CPU
		{24AB7328-87CC-45A5-8D46-F73FAB80B27B}.Release|Any CPU.ActiveCfg = Release|Any CPU
		{24AB7328-87CC-45A5-8D46-F73FAB80B27B}.Release|Any CPU.Build.0 = Release|Any CPU
		{A48FAADD-0CEF-4287-8D23-83CFDD59ADB3}.Debug|Any CPU.ActiveCfg = Debug|Any CPU
		{A48FAADD-0CEF-4287-8D23-83CFDD59ADB3}.Debug|Any CPU.Build.0 = Debug|Any CPU
		{A48FAADD-0CEF-4287-8D23-83CFDD59ADB3}.Release|Any CPU.ActiveCfg = Release|Any CPU
		{A48FAADD-0CEF-4287-8D23-83CFDD59ADB3}.Release|Any CPU.Build.0 = Release|Any CPU
		{328DC3F9-A9D3-4A6F-96E4-20021CE70610}.Debug|Any CPU.ActiveCfg = Debug|Any CPU
		{328DC3F9-A9D3-4A6F-96E4-20021CE70610}.Debug|Any CPU.Build.0 = Debug|Any CPU
		{328DC3F9-A9D3-4A6F-96E4-20021CE70610}.Release|Any CPU.ActiveCfg = Release|Any CPU
		{328DC3F9-A9D3-4A6F-96E4-20021CE70610}.Release|Any CPU.Build.0 = Release|Any CPU
		{DB11EEB8-7E5C-4EB3-A4FF-8FAC0E266B32}.Debug|Any CPU.ActiveCfg = Debug|Any CPU
		{DB11EEB8-7E5C-4EB3-A4FF-8FAC0E266B32}.Debug|Any CPU.Build.0 = Debug|Any CPU
		{DB11EEB8-7E5C-4EB3-A4FF-8FAC0E266B32}.Release|Any CPU.ActiveCfg = Release|Any CPU
		{DB11EEB8-7E5C-4EB3-A4FF-8FAC0E266B32}.Release|Any CPU.Build.0 = Release|Any CPU
		{BDCC0C80-B8E8-4537-B947-B02B03D8454C}.Debug|Any CPU.ActiveCfg = Debug|Any CPU
		{BDCC0C80-B8E8-4537-B947-B02B03D8454C}.Debug|Any CPU.Build.0 = Debug|Any CPU
		{BDCC0C80-B8E8-4537-B947-B02B03D8454C}.Release|Any CPU.ActiveCfg = Release|Any CPU
		{BDCC0C80-B8E8-4537-B947-B02B03D8454C}.Release|Any CPU.Build.0 = Release|Any CPU
		{BE1F0774-76DA-496E-A883-27F273E1BD30}.Debug|Any CPU.ActiveCfg = Debug|Any CPU
		{BE1F0774-76DA-496E-A883-27F273E1BD30}.Debug|Any CPU.Build.0 = Debug|Any CPU
		{BE1F0774-76DA-496E-A883-27F273E1BD30}.Release|Any CPU.ActiveCfg = Release|Any CPU
		{BE1F0774-76DA-496E-A883-27F273E1BD30}.Release|Any CPU.Build.0 = Release|Any CPU
		{2AE4CEAE-4015-441C-8CB4-FECE191102A3}.Debug|Any CPU.ActiveCfg = Debug|Any CPU
		{2AE4CEAE-4015-441C-8CB4-FECE191102A3}.Debug|Any CPU.Build.0 = Debug|Any CPU
		{2AE4CEAE-4015-441C-8CB4-FECE191102A3}.Release|Any CPU.ActiveCfg = Release|Any CPU
		{2AE4CEAE-4015-441C-8CB4-FECE191102A3}.Release|Any CPU.Build.0 = Release|Any CPU
		{5A7AF29B-82E9-4C63-84A4-9FE9058B10C8}.Debug|Any CPU.ActiveCfg = Debug|Any CPU
		{5A7AF29B-82E9-4C63-84A4-9FE9058B10C8}.Debug|Any CPU.Build.0 = Debug|Any CPU
		{5A7AF29B-82E9-4C63-84A4-9FE9058B10C8}.Release|Any CPU.ActiveCfg = Release|Any CPU
		{5A7AF29B-82E9-4C63-84A4-9FE9058B10C8}.Release|Any CPU.Build.0 = Release|Any CPU
		{456616D2-B344-45A9-B9AC-0DAA0FB85172}.Debug|Any CPU.ActiveCfg = Debug|Any CPU
		{456616D2-B344-45A9-B9AC-0DAA0FB85172}.Debug|Any CPU.Build.0 = Debug|Any CPU
		{456616D2-B344-45A9-B9AC-0DAA0FB85172}.Release|Any CPU.ActiveCfg = Release|Any CPU
		{456616D2-B344-45A9-B9AC-0DAA0FB85172}.Release|Any CPU.Build.0 = Release|Any CPU
		{4CCC13CD-0E4A-483E-B493-75E36EBFB903}.Debug|Any CPU.ActiveCfg = Debug|Any CPU
		{4CCC13CD-0E4A-483E-B493-75E36EBFB903}.Debug|Any CPU.Build.0 = Debug|Any CPU
		{4CCC13CD-0E4A-483E-B493-75E36EBFB903}.Release|Any CPU.ActiveCfg = Release|Any CPU
		{4CCC13CD-0E4A-483E-B493-75E36EBFB903}.Release|Any CPU.Build.0 = Release|Any CPU
		{6A9695A4-C3FE-41CE-B5C5-85EE723A2652}.Debug|Any CPU.ActiveCfg = Debug|Any CPU
		{6A9695A4-C3FE-41CE-B5C5-85EE723A2652}.Debug|Any CPU.Build.0 = Debug|Any CPU
		{6A9695A4-C3FE-41CE-B5C5-85EE723A2652}.Release|Any CPU.ActiveCfg = Release|Any CPU
		{6A9695A4-C3FE-41CE-B5C5-85EE723A2652}.Release|Any CPU.Build.0 = Release|Any CPU
		{111BB95C-0077-4D60-A59E-9998AE33CEFC}.Debug|Any CPU.ActiveCfg = Debug|Any CPU
		{111BB95C-0077-4D60-A59E-9998AE33CEFC}.Debug|Any CPU.Build.0 = Debug|Any CPU
		{111BB95C-0077-4D60-A59E-9998AE33CEFC}.Release|Any CPU.ActiveCfg = Release|Any CPU
		{111BB95C-0077-4D60-A59E-9998AE33CEFC}.Release|Any CPU.Build.0 = Release|Any CPU
		{758A7D27-D3DA-4521-90FC-1A2ED1463448}.Debug|Any CPU.ActiveCfg = Debug|Any CPU
		{758A7D27-D3DA-4521-90FC-1A2ED1463448}.Debug|Any CPU.Build.0 = Debug|Any CPU
		{758A7D27-D3DA-4521-90FC-1A2ED1463448}.Release|Any CPU.ActiveCfg = Release|Any CPU
		{758A7D27-D3DA-4521-90FC-1A2ED1463448}.Release|Any CPU.Build.0 = Release|Any CPU
		{58F34AA2-42CC-49C6-8080-B48120FE9278}.Debug|Any CPU.ActiveCfg = Debug|Any CPU
		{58F34AA2-42CC-49C6-8080-B48120FE9278}.Debug|Any CPU.Build.0 = Debug|Any CPU
		{58F34AA2-42CC-49C6-8080-B48120FE9278}.Release|Any CPU.ActiveCfg = Release|Any CPU
		{58F34AA2-42CC-49C6-8080-B48120FE9278}.Release|Any CPU.Build.0 = Release|Any CPU
		{957705A3-5FE1-4DC1-835B-5D5E165EA9E9}.Debug|Any CPU.ActiveCfg = Debug|Any CPU
		{957705A3-5FE1-4DC1-835B-5D5E165EA9E9}.Debug|Any CPU.Build.0 = Debug|Any CPU
		{957705A3-5FE1-4DC1-835B-5D5E165EA9E9}.Release|Any CPU.ActiveCfg = Release|Any CPU
		{957705A3-5FE1-4DC1-835B-5D5E165EA9E9}.Release|Any CPU.Build.0 = Release|Any CPU
	EndGlobalSection
	GlobalSection(NestedProjects) = preSolution
		{2A63CF87-F15C-4818-B1D0-0FAC799F3C40} = {DA27F658-C0FD-4CDE-B71E-813289905931}
		{55E0498D-A2F5-4413-9D00-77FE64393BB8} = {2A63CF87-F15C-4818-B1D0-0FAC799F3C40}
		{49EF34B3-A27E-4DAE-A47F-578376E9ACD5} = {DA27F658-C0FD-4CDE-B71E-813289905931}
		{E34D53DC-6FA7-4AB2-94BA-93FFCBA3E7B4} = {49EF34B3-A27E-4DAE-A47F-578376E9ACD5}
		{171AA7F0-0321-4ADE-9110-2D42E838044D} = {49EF34B3-A27E-4DAE-A47F-578376E9ACD5}
		{24AB7328-87CC-45A5-8D46-F73FAB80B27B} = {49EF34B3-A27E-4DAE-A47F-578376E9ACD5}
		{A48FAADD-0CEF-4287-8D23-83CFDD59ADB3} = {49EF34B3-A27E-4DAE-A47F-578376E9ACD5}
		{F5E0E19A-39F0-448A-AD49-954B9DD1B74E} = {DA27F658-C0FD-4CDE-B71E-813289905931}
		{328DC3F9-A9D3-4A6F-96E4-20021CE70610} = {F5E0E19A-39F0-448A-AD49-954B9DD1B74E}
		{DB11EEB8-7E5C-4EB3-A4FF-8FAC0E266B32} = {F5E0E19A-39F0-448A-AD49-954B9DD1B74E}
		{BDCC0C80-B8E8-4537-B947-B02B03D8454C} = {F5E0E19A-39F0-448A-AD49-954B9DD1B74E}
		{BE1F0774-76DA-496E-A883-27F273E1BD30} = {F5E0E19A-39F0-448A-AD49-954B9DD1B74E}
		{DB9AE34C-70C4-4775-8299-A36EAD111915} = {DA27F658-C0FD-4CDE-B71E-813289905931}
		{2AE4CEAE-4015-441C-8CB4-FECE191102A3} = {DB9AE34C-70C4-4775-8299-A36EAD111915}
		{5A7AF29B-82E9-4C63-84A4-9FE9058B10C8} = {DB9AE34C-70C4-4775-8299-A36EAD111915}
		{456616D2-B344-45A9-B9AC-0DAA0FB85172} = {DB9AE34C-70C4-4775-8299-A36EAD111915}
		{4CCC13CD-0E4A-483E-B493-75E36EBFB903} = {DB9AE34C-70C4-4775-8299-A36EAD111915}
		{6A9695A4-C3FE-41CE-B5C5-85EE723A2652} = {DA27F658-C0FD-4CDE-B71E-813289905931}
		{111BB95C-0077-4D60-A59E-9998AE33CEFC} = {8BA80550-91DB-4F78-83EB-BBBB0F763804}
		{758A7D27-D3DA-4521-90FC-1A2ED1463448} = {8BA80550-91DB-4F78-83EB-BBBB0F763804}
		{58F34AA2-42CC-49C6-8080-B48120FE9278} = {8BA80550-91DB-4F78-83EB-BBBB0F763804}
		{957705A3-5FE1-4DC1-835B-5D5E165EA9E9} = {8BA80550-91DB-4F78-83EB-BBBB0F763804}
	EndGlobalSection
EndGlobal
